// !$*UTF8*$!
{
	archiveVersion = 1;
	classes = {
	};
	objectVersion = 48;
	objects = {

/* Begin PBXBuildFile section */
		3A00DD981FC3B84C00697045 /* AppDelegate.m in Sources */ = {isa = PBXBuildFile; fileRef = 3A00DD971FC3B84C00697045 /* AppDelegate.m */; };
		3A00DD9B1FC3B84C00697045 /* ViewController.m in Sources */ = {isa = PBXBuildFile; fileRef = 3A00DD9A1FC3B84C00697045 /* ViewController.m */; };
		3A00DD9E1FC3B84C00697045 /* Main.storyboard in Resources */ = {isa = PBXBuildFile; fileRef = 3A00DD9C1FC3B84C00697045 /* Main.storyboard */; };
		3A00DDA11FC3B84C00697045 /* sc02___CoreDataTutorial.xcdatamodeld in Sources */ = {isa = PBXBuildFile; fileRef = 3A00DD9F1FC3B84C00697045 /* sc02___CoreDataTutorial.xcdatamodeld */; };
		3A00DDA31FC3B84C00697045 /* Assets.xcassets in Resources */ = {isa = PBXBuildFile; fileRef = 3A00DDA21FC3B84C00697045 /* Assets.xcassets */; };
		3A00DDA61FC3B84C00697045 /* LaunchScreen.storyboard in Resources */ = {isa = PBXBuildFile; fileRef = 3A00DDA41FC3B84C00697045 /* LaunchScreen.storyboard */; };
		3A00DDA91FC3B84C00697045 /* main.m in Sources */ = {isa = PBXBuildFile; fileRef = 3A00DDA81FC3B84C00697045 /* main.m */; };
		3AF5EA2B1FC72DBA0005E8A8 /* MyDataController.m in Sources */ = {isa = PBXBuildFile; fileRef = 3AF5EA2A1FC72DBA0005E8A8 /* MyDataController.m */; };
/* End PBXBuildFile section */

/* Begin PBXFileReference section */
		3A00DD931FC3B84C00697045 /* sc02 - CoreDataTutorial.app */ = {isa = PBXFileReference; explicitFileType = wrapper.application; includeInIndex = 0; path = "sc02 - CoreDataTutorial.app"; sourceTree = BUILT_PRODUCTS_DIR; };
		3A00DD961FC3B84C00697045 /* AppDelegate.h */ = {isa = PBXFileReference; lastKnownFileType = sourcecode.c.h; path = AppDelegate.h; sourceTree = "<group>"; };
		3A00DD971FC3B84C00697045 /* AppDelegate.m */ = {isa = PBXFileReference; lastKnownFileType = sourcecode.c.objc; path = AppDelegate.m; sourceTree = "<group>"; };
		3A00DD991FC3B84C00697045 /* ViewController.h */ = {isa = PBXFileReference; lastKnownFileType = sourcecode.c.h; path = ViewController.h; sourceTree = "<group>"; };
		3A00DD9A1FC3B84C00697045 /* ViewController.m */ = {isa = PBXFileReference; lastKnownFileType = sourcecode.c.objc; path = ViewController.m; sourceTree = "<group>"; };
		3A00DD9D1FC3B84C00697045 /* Base */ = {isa = PBXFileReference; lastKnownFileType = file.storyboard; name = Base; path = Base.lproj/Main.storyboard; sourceTree = "<group>"; };
		3A00DDA01FC3B84C00697045 /* sc02___CoreDataTutorial.xcdatamodel */ = {isa = PBXFileReference; lastKnownFileType = wrapper.xcdatamodel; path = "sc02___CoreDataTutorial.xcdatamodel"; sourceTree = "<group>"; };
		3A00DDA21FC3B84C00697045 /* Assets.xcassets */ = {isa = PBXFileReference; lastKnownFileType = folder.assetcatalog; path = Assets.xcassets; sourceTree = "<group>"; };
		3A00DDA51FC3B84C00697045 /* Base */ = {isa = PBXFileReference; lastKnownFileType = file.storyboard; name = Base; path = Base.lproj/LaunchScreen.storyboard; sourceTree = "<group>"; };
		3A00DDA71FC3B84C00697045 /* Info.plist */ = {isa = PBXFileReference; lastKnownFileType = text.plist.xml; path = Info.plist; sourceTree = "<group>"; };
		3A00DDA81FC3B84C00697045 /* main.m */ = {isa = PBXFileReference; lastKnownFileType = sourcecode.c.objc; path = main.m; sourceTree = "<group>"; };
		3AF5EA291FC72DBA0005E8A8 /* MyDataController.h */ = {isa = PBXFileReference; lastKnownFileType = sourcecode.c.h; path = MyDataController.h; sourceTree = "<group>"; };
		3AF5EA2A1FC72DBA0005E8A8 /* MyDataController.m */ = {isa = PBXFileReference; lastKnownFileType = sourcecode.c.objc; path = MyDataController.m; sourceTree = "<group>"; };
/* End PBXFileReference section */

/* Begin PBXFrameworksBuildPhase section */
		3A00DD901FC3B84C00697045 /* Frameworks */ = {
			isa = PBXFrameworksBuildPhase;
			buildActionMask = 2147483647;
			files = (
			);
			runOnlyForDeploymentPostprocessing = 0;
		};
/* End PBXFrameworksBuildPhase section */

/* Begin PBXGroup section */
		3A00DD8A1FC3B84C00697045 = {
			isa = PBXGroup;
			children = (
				3A00DD951FC3B84C00697045 /* sc02 - CoreDataTutorial */,
				3A00DD941FC3B84C00697045 /* Products */,
			);
			sourceTree = "<group>";
		};
		3A00DD941FC3B84C00697045 /* Products */ = {
			isa = PBXGroup;
			children = (
				3A00DD931FC3B84C00697045 /* sc02 - CoreDataTutorial.app */,
			);
			name = Products;
			sourceTree = "<group>";
		};
		3A00DD951FC3B84C00697045 /* sc02 - CoreDataTutorial */ = {
			isa = PBXGroup;
			children = (
				3AF5EA291FC72DBA0005E8A8 /* MyDataController.h */,
				3AF5EA2A1FC72DBA0005E8A8 /* MyDataController.m */,
				3A00DD961FC3B84C00697045 /* AppDelegate.h */,
				3A00DD971FC3B84C00697045 /* AppDelegate.m */,
				3A00DD991FC3B84C00697045 /* ViewController.h */,
				3A00DD9A1FC3B84C00697045 /* ViewController.m */,
				3A00DD9C1FC3B84C00697045 /* Main.storyboard */,
				3A00DDA21FC3B84C00697045 /* Assets.xcassets */,
				3A00DDA41FC3B84C00697045 /* LaunchScreen.storyboard */,
				3A00DDA71FC3B84C00697045 /* Info.plist */,
				3A00DDA81FC3B84C00697045 /* main.m */,
				3A00DD9F1FC3B84C00697045 /* sc02___CoreDataTutorial.xcdatamodeld */,
			);
			path = "sc02 - CoreDataTutorial";
			sourceTree = "<group>";
		};
/* End PBXGroup section */

/* Begin PBXNativeTarget section */
		3A00DD921FC3B84C00697045 /* sc02 - CoreDataTutorial */ = {
			isa = PBXNativeTarget;
			buildConfigurationList = 3A00DDAC1FC3B84C00697045 /* Build configuration list for PBXNativeTarget "sc02 - CoreDataTutorial" */;
			buildPhases = (
				3A00DD8F1FC3B84C00697045 /* Sources */,
				3A00DD901FC3B84C00697045 /* Frameworks */,
				3A00DD911FC3B84C00697045 /* Resources */,
			);
			buildRules = (
			);
			dependencies = (
			);
			name = "sc02 - CoreDataTutorial";
			productName = "sc02 - CoreDataTutorial";
			productReference = 3A00DD931FC3B84C00697045 /* sc02 - CoreDataTutorial.app */;
			productType = "com.apple.product-type.application";
		};
/* End PBXNativeTarget section */

/* Begin PBXProject section */
		3A00DD8B1FC3B84C00697045 /* Project object */ = {
			isa = PBXProject;
			attributes = {
				LastUpgradeCheck = 0900;
				ORGANIZATIONNAME = "PAUL CHRISTIAN";
				TargetAttributes = {
					3A00DD921FC3B84C00697045 = {
						CreatedOnToolsVersion = 9.0.1;
						ProvisioningStyle = Automatic;
					};
				};
			};
			buildConfigurationList = 3A00DD8E1FC3B84C00697045 /* Build configuration list for PBXProject "sc02 - CoreDataTutorial" */;
			compatibilityVersion = "Xcode 8.0";
			developmentRegion = en;
			hasScannedForEncodings = 0;
			knownRegions = (
				en,
				Base,
			);
			mainGroup = 3A00DD8A1FC3B84C00697045;
			productRefGroup = 3A00DD941FC3B84C00697045 /* Products */;
			projectDirPath = "";
			projectRoot = "";
			targets = (
				3A00DD921FC3B84C00697045 /* sc02 - CoreDataTutorial */,
			);
		};
/* End PBXProject section */

/* Begin PBXResourcesBuildPhase section */
		3A00DD911FC3B84C00697045 /* Resources */ = {
			isa = PBXResourcesBuildPhase;
			buildActionMask = 2147483647;
			files = (
				3A00DDA61FC3B84C00697045 /* LaunchScreen.storyboard in Resources */,
				3A00DDA31FC3B84C00697045 /* Assets.xcassets in Resources */,
				3A00DD9E1FC3B84C00697045 /* Main.storyboard in Resources */,
			);
			runOnlyForDeploymentPostprocessing = 0;
		};
/* End PBXResourcesBuildPhase section */

/* Begin PBXSourcesBuildPhase section */
		3A00DD8F1FC3B84C00697045 /* Sources */ = {
			isa = PBXSourcesBuildPhase;
			buildActionMask = 2147483647;
			files = (
				3A00DDA11FC3B84C00697045 /* sc02___CoreDataTutorial.xcdatamodeld in Sources */,
				3A00DD9B1FC3B84C00697045 /* ViewController.m in Sources */,
				3A00DDA91FC3B84C00697045 /* main.m in Sources */,
				3A00DD981FC3B84C00697045 /* AppDelegate.m in Sources */,
				3AF5EA2B1FC72DBA0005E8A8 /* MyDataController.m in Sources */,
			);
			runOnlyForDeploymentPostprocessing = 0;
		};
/* End PBXSourcesBuildPhase section */

/* Begin PBXVariantGroup section */
		3A00DD9C1FC3B84C00697045 /* Main.storyboard */ = {
			isa = PBXVariantGroup;
			children = (
				3A00DD9D1FC3B84C00697045 /* Base */,
			);
			name = Main.storyboard;
			sourceTree = "<group>";
		};
		3A00DDA41FC3B84C00697045 /* LaunchScreen.storyboard */ = {
			isa = PBXVariantGroup;
			children = (
				3A00DDA51FC3B84C00697045 /* Base */,
			);
			name = LaunchScreen.storyboard;
			sourceTree = "<group>";
		};
/* End PBXVariantGroup section */

/* Begin XCBuildConfiguration section */
		3A00DDAA1FC3B84C00697045 /* Debug */ = {
			isa = XCBuildConfiguration;
			buildSettings = {
				ALWAYS_SEARCH_USER_PATHS = NO;
				CLANG_ANALYZER_NONNULL = YES;
				CLANG_ANALYZER_NUMBER_OBJECT_CONVERSION = YES_AGGRESSIVE;
				CLANG_CXX_LANGUAGE_STANDARD = "gnu++14";
				CLANG_CXX_LIBRARY = "libc++";
				CLANG_ENABLE_MODULES = YES;
				CLANG_ENABLE_OBJC_ARC = YES;
				CLANG_WARN_BLOCK_CAPTURE_AUTORELEASING = YES;
				CLANG_WARN_BOOL_CONVERSION = YES;
				CLANG_WARN_COMMA = YES;
				CLANG_WARN_CONSTANT_CONVERSION = YES;
				CLANG_WARN_DIRECT_OBJC_ISA_USAGE = YES_ERROR;
				CLANG_WARN_DOCUMENTATION_COMMENTS = YES;
				CLANG_WARN_EMPTY_BODY = YES;
				CLANG_WARN_ENUM_CONVERSION = YES;
				CLANG_WARN_INFINITE_RECURSION = YES;
				CLANG_WARN_INT_CONVERSION = YES;
				CLANG_WARN_NON_LITERAL_NULL_CONVERSION = YES;
				CLANG_WARN_OBJC_LITERAL_CONVERSION = YES;
				CLANG_WARN_OBJC_ROOT_CLASS = YES_ERROR;
				CLANG_WARN_RANGE_LOOP_ANALYSIS = YES;
				CLANG_WARN_STRICT_PROTOTYPES = YES;
				CLANG_WARN_SUSPICIOUS_MOVE = YES;
				CLANG_WARN_UNGUARDED_AVAILABILITY = YES_AGGRESSIVE;
				CLANG_WARN_UNREACHABLE_CODE = YES;
				CLANG_WARN__DUPLICATE_METHOD_MATCH = YES;
				CODE_SIGN_IDENTITY = "iPhone Developer";
				COPY_PHASE_STRIP = NO;
				DEBUG_INFORMATION_FORMAT = dwarf;
				ENABLE_STRICT_OBJC_MSGSEND = YES;
				ENABLE_TESTABILITY = YES;
				GCC_C_LANGUAGE_STANDARD = gnu11;
				GCC_DYNAMIC_NO_PIC = NO;
				GCC_NO_COMMON_BLOCKS = YES;
				GCC_OPTIMIZATION_LEVEL = 0;
				GCC_PREPROCESSOR_DEFINITIONS = (
					"DEBUG=1",
					"$(inherited)",
				);
				GCC_WARN_64_TO_32_BIT_CONVERSION = YES;
				GCC_WARN_ABOUT_RETURN_TYPE = YES_ERROR;
				GCC_WARN_UNDECLARED_SELECTOR = YES;
				GCC_WARN_UNINITIALIZED_AUTOS = YES_AGGRESSIVE;
				GCC_WARN_UNUSED_FUNCTION = YES;
				GCC_WARN_UNUSED_VARIABLE = YES;
				IPHONEOS_DEPLOYMENT_TARGET = 11.0;
				MTL_ENABLE_DEBUG_INFO = YES;
				ONLY_ACTIVE_ARCH = YES;
				SDKROOT = iphoneos;
			};
			name = Debug;
		};
		3A00DDAB1FC3B84C00697045 /* Release */ = {
			isa = XCBuildConfiguration;
			buildSettings = {
				ALWAYS_SEARCH_USER_PATHS = NO;
				CLANG_ANALYZER_NONNULL = YES;
				CLANG_ANALYZER_NUMBER_OBJECT_CONVERSION = YES_AGGRESSIVE;
				CLANG_CXX_LANGUAGE_STANDARD = "gnu++14";
				CLANG_CXX_LIBRARY = "libc++";
				CLANG_ENABLE_MODULES = YES;
				CLANG_ENABLE_OBJC_ARC = YES;
				CLANG_WARN_BLOCK_CAPTURE_AUTORELEASING = YES;
				CLANG_WARN_BOOL_CONVERSION = YES;
				CLANG_WARN_COMMA = YES;
				CLANG_WARN_CONSTANT_CONVERSION = YES;
				CLANG_WARN_DIRECT_OBJC_ISA_USAGE = YES_ERROR;
				CLANG_WARN_DOCUMENTATION_COMMENTS = YES;
				CLANG_WARN_EMPTY_BODY = YES;
				CLANG_WARN_ENUM_CONVERSION = YES;
				CLANG_WARN_INFINITE_RECURSION = YES;
				CLANG_WARN_INT_CONVERSION = YES;
				CLANG_WARN_NON_LITERAL_NULL_CONVERSION = YES;
				CLANG_WARN_OBJC_LITERAL_CONVERSION = YES;
				CLANG_WARN_OBJC_ROOT_CLASS = YES_ERROR;
				CLANG_WARN_RANGE_LOOP_ANALYSIS = YES;
				CLANG_WARN_STRICT_PROTOTYPES = YES;
				CLANG_WARN_SUSPICIOUS_MOVE = YES;
				CLANG_WARN_UNGUARDED_AVAILABILITY = YES_AGGRESSIVE;
				CLANG_WARN_UNREACHABLE_CODE = YES;
				CLANG_WARN__DUPLICATE_METHOD_MATCH = YES;
				CODE_SIGN_IDENTITY = "iPhone Developer";
				COPY_PHASE_STRIP = NO;
				DEBUG_INFORMATION_FORMAT = "dwarf-with-dsym";
				ENABLE_NS_ASSERTIONS = NO;
				ENABLE_STRICT_OBJC_MSGSEND = YES;
				GCC_C_LANGUAGE_STANDARD = gnu11;
				GCC_NO_COMMON_BLOCKS = YES;
				GCC_WARN_64_TO_32_BIT_CONVERSION = YES;
				GCC_WARN_ABOUT_RETURN_TYPE = YES_ERROR;
				GCC_WARN_UNDECLARED_SELECTOR = YES;
				GCC_WARN_UNINITIALIZED_AUTOS = YES_AGGRESSIVE;
				GCC_WARN_UNUSED_FUNCTION = YES;
				GCC_WARN_UNUSED_VARIABLE = YES;
				IPHONEOS_DEPLOYMENT_TARGET = 11.0;
				MTL_ENABLE_DEBUG_INFO = NO;
				SDKROOT = iphoneos;
				VALIDATE_PRODUCT = YES;
			};
			name = Release;
		};
		3A00DDAD1FC3B84C00697045 /* Debug */ = {
			isa = XCBuildConfiguration;
			buildSettings = {
				ASSETCATALOG_COMPILER_APPICON_NAME = AppIcon;
				CODE_SIGN_STYLE = Automatic;
				DEVELOPMENT_TEAM = AV46K6824E;
				INFOPLIST_FILE = "sc02 - CoreDataTutorial/Info.plist";
				LD_RUNPATH_SEARCH_PATHS = "$(inherited) @executable_path/Frameworks";
				PRODUCT_BUNDLE_IDENTIFIER = "online.geex.sc02---CoreDataTutorial";
				PRODUCT_NAME = "$(TARGET_NAME)";
				TARGETED_DEVICE_FAMILY = "1,2";
			};
			name = Debug;
		};
		3A00DDAE1FC3B84C00697045 /* Release */ = {
			isa = XCBuildConfiguration;
			buildSettings = {
				ASSETCATALOG_COMPILER_APPICON_NAME = AppIcon;
				CODE_SIGN_STYLE = Automatic;
				DEVELOPMENT_TEAM = AV46K6824E;
				INFOPLIST_FILE = "sc02 - CoreDataTutorial/Info.plist";
				LD_RUNPATH_SEARCH_PATHS = "$(inherited) @executable_path/Frameworks";
				PRODUCT_BUNDLE_IDENTIFIER = "online.geex.sc02---CoreDataTutorial";
				PRODUCT_NAME = "$(TARGET_NAME)";
				TARGETED_DEVICE_FAMILY = "1,2";
			};
			name = Release;
		};
/* End XCBuildConfiguration section */

/* Begin XCConfigurationList section */
		3A00DD8E1FC3B84C00697045 /* Build configuration list for PBXProject "sc02 - CoreDataTutorial" */ = {
			isa = XCConfigurationList;
			buildConfigurations = (
				3A00DDAA1FC3B84C00697045 /* Debug */,
				3A00DDAB1FC3B84C00697045 /* Release */,
			);
			defaultConfigurationIsVisible = 0;
			defaultConfigurationName = Release;
		};
		3A00DDAC1FC3B84C00697045 /* Build configuration list for PBXNativeTarget "sc02 - CoreDataTutorial" */ = {
			isa = XCConfigurationList;
			buildConfigurations = (
				3A00DDAD1FC3B84C00697045 /* Debug */,
				3A00DDAE1FC3B84C00697045 /* Release */,
			);
			defaultConfigurationIsVisible = 0;
			defaultConfigurationName = Release;
		};
/* End XCConfigurationList section */

/* Begin XCVersionGroup section */
		3A00DD9F1FC3B84C00697045 /* sc02___CoreDataTutorial.xcdatamodeld */ = {
			isa = XCVersionGroup;
			children = (
				3A00DDA01FC3B84C00697045 /* sc02___CoreDataTutorial.xcdatamodel */,
			);
			currentVersion = 3A00DDA01FC3B84C00697045 /* sc02___CoreDataTutorial.xcdatamodel */;
			path = "sc02___CoreDataTutorial.xcdatamodeld";
			sourceTree = "<group>";
			versionGroupType = wrapper.xcdatamodel;
		};
/* End XCVersionGroup section */
	};
	rootObject = 3A00DD8B1FC3B84C00697045 /* Project object */;
}
